
Microsoft Visual Studio Solution File, Format Version 12.00
# Visual Studio Version 17
VisualStudioVersion = 17.11.35327.3
MinimumVisualStudioVersion = 10.0.40219.1
Project("{FAE04EC0-301F-11D3-BF4B-00C04F79EFBC}") = "C#_Day1", "C#_Day1\C#_Day1.csproj", "{26F3CE2F-B9AF-4ACE-BBF5-C305A87A9876}"
EndProject
Project("{FAE04EC0-301F-11D3-BF4B-00C04F79EFBC}") = "C#_Day5", "C#_Day5\C#_Day5.csproj", "{9451B507-3CE1-4795-8D07-C4DE2599A4F1}"
EndProject
Project("{FAE04EC0-301F-11D3-BF4B-00C04F79EFBC}") = "StackImplement", "StackImplement\StackImplement.csproj", "{3252DB6C-AE95-4793-85AF-B02193569285}"
EndProject
Global
	GlobalSection(SolutionConfigurationPlatforms) = preSolution
		Debug|Any CPU = Debug|Any CPU
		Release|Any CPU = Release|Any CPU
	EndGlobalSection
	GlobalSection(ProjectConfigurationPlatforms) = postSolution
		{26F3CE2F-B9AF-4ACE-BBF5-C305A87A9876}.Debug|Any CPU.ActiveCfg = Debug|Any CPU
		{26F3CE2F-B9AF-4ACE-BBF5-C305A87A9876}.Debug|Any CPU.Build.0 = Debug|Any CPU
		{26F3CE2F-B9AF-4ACE-BBF5-C305A87A9876}.Release|Any CPU.ActiveCfg = Release|Any CPU
		{26F3CE2F-B9AF-4ACE-BBF5-C305A87A9876}.Release|Any CPU.Build.0 = Release|Any CPU
		{9451B507-3CE1-4795-8D07-C4DE2599A4F1}.Debug|Any CPU.ActiveCfg = Debug|Any CPU
		{9451B507-3CE1-4795-8D07-C4DE2599A4F1}.Debug|Any CPU.Build.0 = Debug|Any CPU
		{9451B507-3CE1-4795-8D07-C4DE2599A4F1}.Release|Any CPU.ActiveCfg = Release|Any CPU
		{9451B507-3CE1-4795-8D07-C4DE2599A4F1}.Release|Any CPU.Build.0 = Release|Any CPU
		{3252DB6C-AE95-4793-85AF-B02193569285}.Debug|Any CPU.ActiveCfg = Debug|Any CPU
		{3252DB6C-AE95-4793-85AF-B02193569285}.Debug|Any CPU.Build.0 = Debug|Any CPU
		{3252DB6C-AE95-4793-85AF-B02193569285}.Release|Any CPU.ActiveCfg = Release|Any CPU
		{3252DB6C-AE95-4793-85AF-B02193569285}.Release|Any CPU.Build.0 = Release|Any CPU
	EndGlobalSection
	GlobalSection(SolutionProperties) = preSolution
		HideSolutionNode = FALSE
	EndGlobalSection
	GlobalSection(ExtensibilityGlobals) = postSolution
		SolutionGuid = {5C97B935-3207-433C-A05C-7E3493DAA221}
	EndGlobalSection
EndGlobal
